
Microsoft Visual Studio Solution File, Format Version 11.00
# Visual Studio 2010
Project("{FAE04EC0-301F-11D3-BF4B-00C04F79EFBC}") = "Assembly-CSharp", "Assembly-CSharp.csproj", "{803539a5-8563-340e-eb2e-b1e3bbdd76b8}"
EndProject
Project("{FAE04EC0-301F-11D3-BF4B-00C04F79EFBC}") = "Assembly-CSharp-Editor", "Assembly-CSharp-Editor.csproj", "{ecca015c-38fb-6c1d-228f-29c017e9407f}"
EndProject
Global
	GlobalSection(SolutionConfigurationPlatforms) = preSolution
		Debug|Any CPU = Debug|Any CPU
		Release|Any CPU = Release|Any CPU
	EndGlobalSection
	GlobalSection(ProjectConfigurationPlatforms) = postSolution
		{803539a5-8563-340e-eb2e-b1e3bbdd76b8}.Debug|Any CPU.ActiveCfg = Debug|Any CPU
		{803539a5-8563-340e-eb2e-b1e3bbdd76b8}.Debug|Any CPU.Build.0 = Debug|Any CPU
		{803539a5-8563-340e-eb2e-b1e3bbdd76b8}.Release|Any CPU.ActiveCfg = Release|Any CPU
		{803539a5-8563-340e-eb2e-b1e3bbdd76b8}.Release|Any CPU.Build.0 = Release|Any CPU
		{ecca015c-38fb-6c1d-228f-29c017e9407f}.Debug|Any CPU.ActiveCfg = Debug|Any CPU
		{ecca015c-38fb-6c1d-228f-29c017e9407f}.Debug|Any CPU.Build.0 = Debug|Any CPU
		{ecca015c-38fb-6c1d-228f-29c017e9407f}.Release|Any CPU.ActiveCfg = Release|Any CPU
		{ecca015c-38fb-6c1d-228f-29c017e9407f}.Release|Any CPU.Build.0 = Release|Any CPU
	EndGlobalSection
	GlobalSection(SolutionProperties) = preSolution
		HideSolutionNode = FALSE
	EndGlobalSection
EndGlobal
